
Microsoft Visual Studio Solution File, Format Version 12.00
# Visual Studio Version 16
VisualStudioVersion = 16.0.29519.87
MinimumVisualStudioVersion = 10.0.40219.1
Project("{FAE04EC0-301F-11D3-BF4B-00C04F79EFBC}") = "TemperatureLibrary", "TemperatureLibrary\TemperatureLibrary.csproj", "{D438D26B-AC77-4460-9B3E-FEF8349493F4}"
EndProject
Project("{FAE04EC0-301F-11D3-BF4B-00C04F79EFBC}") = "TemperatureLibrary.test", "TemperatureLibrary.test\TemperatureLibrary.test.csproj", "{0B94E096-1CA9-4C25-8ABB-100085619A9A}"
EndProject
Global
	GlobalSection(SolutionConfigurationPlatforms) = preSolution
		Debug|Any CPU = Debug|Any CPU
		Release|Any CPU = Release|Any CPU
	EndGlobalSection
	GlobalSection(ProjectConfigurationPlatforms) = postSolution
		{D438D26B-AC77-4460-9B3E-FEF8349493F4}.Debug|Any CPU.ActiveCfg = Debug|Any CPU
		{D438D26B-AC77-4460-9B3E-FEF8349493F4}.Debug|Any CPU.Build.0 = Debug|Any CPU
		{D438D26B-AC77-4460-9B3E-FEF8349493F4}.Release|Any CPU.ActiveCfg = Release|Any CPU
		{D438D26B-AC77-4460-9B3E-FEF8349493F4}.Release|Any CPU.Build.0 = Release|Any CPU
		{0B94E096-1CA9-4C25-8ABB-100085619A9A}.Debug|Any CPU.ActiveCfg = Debug|Any CPU
		{0B94E096-1CA9-4C25-8ABB-100085619A9A}.Debug|Any CPU.Build.0 = Debug|Any CPU
		{0B94E096-1CA9-4C25-8ABB-100085619A9A}.Release|Any CPU.ActiveCfg = Release|Any CPU
		{0B94E096-1CA9-4C25-8ABB-100085619A9A}.Release|Any CPU.Build.0 = Release|Any CPU
	EndGlobalSection
	GlobalSection(SolutionProperties) = preSolution
		HideSolutionNode = FALSE
	EndGlobalSection
	GlobalSection(ExtensibilityGlobals) = postSolution
		SolutionGuid = {94F2820B-A005-4799-858B-C752D9B6A90B}
	EndGlobalSection
EndGlobal
